// !$*UTF8*$!
{
	archiveVersion = 1;
	classes = {
	};
	objectVersion = 56;
	objects = {

/* Begin PBXBuildFile section */
		C72E1A0D2B4EADA700F05A74 /* AppDelegate.swift in Sources */ = {isa = PBXBuildFile; fileRef = C72E1A0C2B4EADA700F05A74 /* AppDelegate.swift */; };
		C72E1A0F2B4EADA700F05A74 /* SceneDelegate.swift in Sources */ = {isa = PBXBuildFile; fileRef = C72E1A0E2B4EADA700F05A74 /* SceneDelegate.swift */; };
		C72E1A112B4EADA700F05A74 /* ViewController.swift in Sources */ = {isa = PBXBuildFile; fileRef = C72E1A102B4EADA700F05A74 /* ViewController.swift */; };
		C72E1A142B4EADA700F05A74 /* Main.storyboard in Resources */ = {isa = PBXBuildFile; fileRef = C72E1A122B4EADA700F05A74 /* Main.storyboard */; };
		C72E1A162B4EADAA00F05A74 /* Assets.xcassets in Resources */ = {isa = PBXBuildFile; fileRef = C72E1A152B4EADAA00F05A74 /* Assets.xcassets */; };
		C72E1A192B4EADAA00F05A74 /* LaunchScreen.storyboard in Resources */ = {isa = PBXBuildFile; fileRef = C72E1A172B4EADAA00F05A74 /* LaunchScreen.storyboard */; };
		C72E1A242B4EADAB00F05A74 /* UnitTestingHWTests.swift in Sources */ = {isa = PBXBuildFile; fileRef = C72E1A232B4EADAB00F05A74 /* UnitTestingHWTests.swift */; };
		C72E1A2E2B4EADAB00F05A74 /* UnitTestingHWUITests.swift in Sources */ = {isa = PBXBuildFile; fileRef = C72E1A2D2B4EADAB00F05A74 /* UnitTestingHWUITests.swift */; };
		C72E1A302B4EADAB00F05A74 /* UnitTestingHWUITestsLaunchTests.swift in Sources */ = {isa = PBXBuildFile; fileRef = C72E1A2F2B4EADAB00F05A74 /* UnitTestingHWUITestsLaunchTests.swift */; };
/* End PBXBuildFile section */

/* Begin PBXContainerItemProxy section */
		C72E1A202B4EADAB00F05A74 /* PBXContainerItemProxy */ = {
			isa = PBXContainerItemProxy;
			containerPortal = C72E1A012B4EADA700F05A74 /* Project object */;
			proxyType = 1;
			remoteGlobalIDString = C72E1A082B4EADA700F05A74;
			remoteInfo = UnitTestingHW;
		};
		C72E1A2A2B4EADAB00F05A74 /* PBXContainerItemProxy */ = {
			isa = PBXContainerItemProxy;
			containerPortal = C72E1A012B4EADA700F05A74 /* Project object */;
			proxyType = 1;
			remoteGlobalIDString = C72E1A082B4EADA700F05A74;
			remoteInfo = UnitTestingHW;
		};
/* End PBXContainerItemProxy section */

/* Begin PBXFileReference section */
		C72E1A092B4EADA700F05A74 /* UnitTestingHW.app */ = {isa = PBXFileReference; explicitFileType = wrapper.application; includeInIndex = 0; path = UnitTestingHW.app; sourceTree = BUILT_PRODUCTS_DIR; };
		C72E1A0C2B4EADA700F05A74 /* AppDelegate.swift */ = {isa = PBXFileReference; lastKnownFileType = sourcecode.swift; path = AppDelegate.swift; sourceTree = "<group>"; };
		C72E1A0E2B4EADA700F05A74 /* SceneDelegate.swift */ = {isa = PBXFileReference; lastKnownFileType = sourcecode.swift; path = SceneDelegate.swift; sourceTree = "<group>"; };
		C72E1A102B4EADA700F05A74 /* ViewController.swift */ = {isa = PBXFileReference; lastKnownFileType = sourcecode.swift; path = ViewController.swift; sourceTree = "<group>"; };
		C72E1A132B4EADA700F05A74 /* Base */ = {isa = PBXFileReference; lastKnownFileType = file.storyboard; name = Base; path = Base.lproj/Main.storyboard; sourceTree = "<group>"; };
		C72E1A152B4EADAA00F05A74 /* Assets.xcassets */ = {isa = PBXFileReference; lastKnownFileType = folder.assetcatalog; path = Assets.xcassets; sourceTree = "<group>"; };
		C72E1A182B4EADAA00F05A74 /* Base */ = {isa = PBXFileReference; lastKnownFileType = file.storyboard; name = Base; path = Base.lproj/LaunchScreen.storyboard; sourceTree = "<group>"; };
		C72E1A1A2B4EADAA00F05A74 /* Info.plist */ = {isa = PBXFileReference; lastKnownFileType = text.plist.xml; path = Info.plist; sourceTree = "<group>"; };
		C72E1A1F2B4EADAB00F05A74 /* UnitTestingHWTests.xctest */ = {isa = PBXFileReference; explicitFileType = wrapper.cfbundle; includeInIndex = 0; path = UnitTestingHWTests.xctest; sourceTree = BUILT_PRODUCTS_DIR; };
		C72E1A232B4EADAB00F05A74 /* UnitTestingHWTests.swift */ = {isa = PBXFileReference; lastKnownFileType = sourcecode.swift; path = UnitTestingHWTests.swift; sourceTree = "<group>"; };
		C72E1A292B4EADAB00F05A74 /* UnitTestingHWUITests.xctest */ = {isa = PBXFileReference; explicitFileType = wrapper.cfbundle; includeInIndex = 0; path = UnitTestingHWUITests.xctest; sourceTree = BUILT_PRODUCTS_DIR; };
		C72E1A2D2B4EADAB00F05A74 /* UnitTestingHWUITests.swift */ = {isa = PBXFileReference; lastKnownFileType = sourcecode.swift; path = UnitTestingHWUITests.swift; sourceTree = "<group>"; };
		C72E1A2F2B4EADAB00F05A74 /* UnitTestingHWUITestsLaunchTests.swift */ = {isa = PBXFileReference; lastKnownFileType = sourcecode.swift; path = UnitTestingHWUITestsLaunchTests.swift; sourceTree = "<group>"; };
/* End PBXFileReference section */

/* Begin PBXFrameworksBuildPhase section */
		C72E1A062B4EADA700F05A74 /* Frameworks */ = {
			isa = PBXFrameworksBuildPhase;
			buildActionMask = 2147483647;
			files = (
			);
			runOnlyForDeploymentPostprocessing = 0;
		};
		C72E1A1C2B4EADAB00F05A74 /* Frameworks */ = {
			isa = PBXFrameworksBuildPhase;
			buildActionMask = 2147483647;
			files = (
			);
			runOnlyForDeploymentPostprocessing = 0;
		};
		C72E1A262B4EADAB00F05A74 /* Frameworks */ = {
			isa = PBXFrameworksBuildPhase;
			buildActionMask = 2147483647;
			files = (
			);
			runOnlyForDeploymentPostprocessing = 0;
		};
/* End PBXFrameworksBuildPhase section */

/* Begin PBXGroup section */
		C72E1A002B4EADA700F05A74 = {
			isa = PBXGroup;
			children = (
				C72E1A0B2B4EADA700F05A74 /* UnitTestingHW */,
				C72E1A222B4EADAB00F05A74 /* UnitTestingHWTests */,
				C72E1A2C2B4EADAB00F05A74 /* UnitTestingHWUITests */,
				C72E1A0A2B4EADA700F05A74 /* Products */,
			);
			sourceTree = "<group>";
		};
		C72E1A0A2B4EADA700F05A74 /* Products */ = {
			isa = PBXGroup;
			children = (
				C72E1A092B4EADA700F05A74 /* UnitTestingHW.app */,
				C72E1A1F2B4EADAB00F05A74 /* UnitTestingHWTests.xctest */,
				C72E1A292B4EADAB00F05A74 /* UnitTestingHWUITests.xctest */,
			);
			name = Products;
			sourceTree = "<group>";
		};
		C72E1A0B2B4EADA700F05A74 /* UnitTestingHW */ = {
			isa = PBXGroup;
			children = (
				C72E1A0C2B4EADA700F05A74 /* AppDelegate.swift */,
				C72E1A0E2B4EADA700F05A74 /* SceneDelegate.swift */,
				C72E1A102B4EADA700F05A74 /* ViewController.swift */,
				C72E1A122B4EADA700F05A74 /* Main.storyboard */,
				C72E1A152B4EADAA00F05A74 /* Assets.xcassets */,
				C72E1A172B4EADAA00F05A74 /* LaunchScreen.storyboard */,
				C72E1A1A2B4EADAA00F05A74 /* Info.plist */,
			);
			path = UnitTestingHW;
			sourceTree = "<group>";
		};
		C72E1A222B4EADAB00F05A74 /* UnitTestingHWTests */ = {
			isa = PBXGroup;
			children = (
				C72E1A232B4EADAB00F05A74 /* UnitTestingHWTests.swift */,
			);
			path = UnitTestingHWTests;
			sourceTree = "<group>";
		};
		C72E1A2C2B4EADAB00F05A74 /* UnitTestingHWUITests */ = {
			isa = PBXGroup;
			children = (
				C72E1A2D2B4EADAB00F05A74 /* UnitTestingHWUITests.swift */,
				C72E1A2F2B4EADAB00F05A74 /* UnitTestingHWUITestsLaunchTests.swift */,
			);
			path = UnitTestingHWUITests;
			sourceTree = "<group>";
		};
/* End PBXGroup section */

/* Begin PBXNativeTarget section */
		C72E1A082B4EADA700F05A74 /* UnitTestingHW */ = {
			isa = PBXNativeTarget;
			buildConfigurationList = C72E1A332B4EADAB00F05A74 /* Build configuration list for PBXNativeTarget "UnitTestingHW" */;
			buildPhases = (
				C72E1A052B4EADA700F05A74 /* Sources */,
				C72E1A062B4EADA700F05A74 /* Frameworks */,
				C72E1A072B4EADA700F05A74 /* Resources */,
			);
			buildRules = (
			);
			dependencies = (
			);
			name = UnitTestingHW;
			productName = UnitTestingHW;
			productReference = C72E1A092B4EADA700F05A74 /* UnitTestingHW.app */;
			productType = "com.apple.product-type.application";
		};
		C72E1A1E2B4EADAB00F05A74 /* UnitTestingHWTests */ = {
			isa = PBXNativeTarget;
			buildConfigurationList = C72E1A362B4EADAB00F05A74 /* Build configuration list for PBXNativeTarget "UnitTestingHWTests" */;
			buildPhases = (
				C72E1A1B2B4EADAB00F05A74 /* Sources */,
				C72E1A1C2B4EADAB00F05A74 /* Frameworks */,
				C72E1A1D2B4EADAB00F05A74 /* Resources */,
			);
			buildRules = (
			);
			dependencies = (
				C72E1A212B4EADAB00F05A74 /* PBXTargetDependency */,
			);
			name = UnitTestingHWTests;
			productName = UnitTestingHWTests;
			productReference = C72E1A1F2B4EADAB00F05A74 /* UnitTestingHWTests.xctest */;
			productType = "com.apple.product-type.bundle.unit-test";
		};
		C72E1A282B4EADAB00F05A74 /* UnitTestingHWUITests */ = {
			isa = PBXNativeTarget;
			buildConfigurationList = C72E1A392B4EADAB00F05A74 /* Build configuration list for PBXNativeTarget "UnitTestingHWUITests" */;
			buildPhases = (
				C72E1A252B4EADAB00F05A74 /* Sources */,
				C72E1A262B4EADAB00F05A74 /* Frameworks */,
				C72E1A272B4EADAB00F05A74 /* Resources */,
			);
			buildRules = (
			);
			dependencies = (
				C72E1A2B2B4EADAB00F05A74 /* PBXTargetDependency */,
			);
			name = UnitTestingHWUITests;
			productName = UnitTestingHWUITests;
			productReference = C72E1A292B4EADAB00F05A74 /* UnitTestingHWUITests.xctest */;
			productType = "com.apple.product-type.bundle.ui-testing";
		};
/* End PBXNativeTarget section */

/* Begin PBXProject section */
		C72E1A012B4EADA700F05A74 /* Project object */ = {
			isa = PBXProject;
			attributes = {
				BuildIndependentTargetsInParallel = 1;
				LastSwiftUpdateCheck = 1420;
				LastUpgradeCheck = 1420;
				TargetAttributes = {
					C72E1A082B4EADA700F05A74 = {
						CreatedOnToolsVersion = 14.2;
					};
					C72E1A1E2B4EADAB00F05A74 = {
						CreatedOnToolsVersion = 14.2;
						TestTargetID = C72E1A082B4EADA700F05A74;
					};
					C72E1A282B4EADAB00F05A74 = {
						CreatedOnToolsVersion = 14.2;
						TestTargetID = C72E1A082B4EADA700F05A74;
					};
				};
			};
			buildConfigurationList = C72E1A042B4EADA700F05A74 /* Build configuration list for PBXProject "UnitTestingHW" */;
			compatibilityVersion = "Xcode 14.0";
			developmentRegion = en;
			hasScannedForEncodings = 0;
			knownRegions = (
				en,
				Base,
			);
			mainGroup = C72E1A002B4EADA700F05A74;
			productRefGroup = C72E1A0A2B4EADA700F05A74 /* Products */;
			projectDirPath = "";
			projectRoot = "";
			targets = (
				C72E1A082B4EADA700F05A74 /* UnitTestingHW */,
				C72E1A1E2B4EADAB00F05A74 /* UnitTestingHWTests */,
				C72E1A282B4EADAB00F05A74 /* UnitTestingHWUITests */,
			);
		};
/* End PBXProject section */

/* Begin PBXResourcesBuildPhase section */
		C72E1A072B4EADA700F05A74 /* Resources */ = {
			isa = PBXResourcesBuildPhase;
			buildActionMask = 2147483647;
			files = (
				C72E1A192B4EADAA00F05A74 /* LaunchScreen.storyboard in Resources */,
				C72E1A162B4EADAA00F05A74 /* Assets.xcassets in Resources */,
				C72E1A142B4EADA700F05A74 /* Main.storyboard in Resources */,
			);
			runOnlyForDeploymentPostprocessing = 0;
		};
		C72E1A1D2B4EADAB00F05A74 /* Resources */ = {
			isa = PBXResourcesBuildPhase;
			buildActionMask = 2147483647;
			files = (
			);
			runOnlyForDeploymentPostprocessing = 0;
		};
		C72E1A272B4EADAB00F05A74 /* Resources */ = {
			isa = PBXResourcesBuildPhase;
			buildActionMask = 2147483647;
			files = (
			);
			runOnlyForDeploymentPostprocessing = 0;
		};
/* End PBXResourcesBuildPhase section */

/* Begin PBXSourcesBuildPhase section */
		C72E1A052B4EADA700F05A74 /* Sources */ = {
			isa = PBXSourcesBuildPhase;
			buildActionMask = 2147483647;
			files = (
				C72E1A112B4EADA700F05A74 /* ViewController.swift in Sources */,
				C72E1A0D2B4EADA700F05A74 /* AppDelegate.swift in Sources */,
				C72E1A0F2B4EADA700F05A74 /* SceneDelegate.swift in Sources */,
			);
			runOnlyForDeploymentPostprocessing = 0;
		};
		C72E1A1B2B4EADAB00F05A74 /* Sources */ = {
			isa = PBXSourcesBuildPhase;
			buildActionMask = 2147483647;
			files = (
				C72E1A242B4EADAB00F05A74 /* UnitTestingHWTests.swift in Sources */,
			);
			runOnlyForDeploymentPostprocessing = 0;
		};
		C72E1A252B4EADAB00F05A74 /* Sources */ = {
			isa = PBXSourcesBuildPhase;
			buildActionMask = 2147483647;
			files = (
				C72E1A302B4EADAB00F05A74 /* UnitTestingHWUITestsLaunchTests.swift in Sources */,
				C72E1A2E2B4EADAB00F05A74 /* UnitTestingHWUITests.swift in Sources */,
			);
			runOnlyForDeploymentPostprocessing = 0;
		};
/* End PBXSourcesBuildPhase section */

/* Begin PBXTargetDependency section */
		C72E1A212B4EADAB00F05A74 /* PBXTargetDependency */ = {
			isa = PBXTargetDependency;
			target = C72E1A082B4EADA700F05A74 /* UnitTestingHW */;
			targetProxy = C72E1A202B4EADAB00F05A74 /* PBXContainerItemProxy */;
		};
		C72E1A2B2B4EADAB00F05A74 /* PBXTargetDependency */ = {
			isa = PBXTargetDependency;
			target = C72E1A082B4EADA700F05A74 /* UnitTestingHW */;
			targetProxy = C72E1A2A2B4EADAB00F05A74 /* PBXContainerItemProxy */;
		};
/* End PBXTargetDependency section */

/* Begin PBXVariantGroup section */
		C72E1A122B4EADA700F05A74 /* Main.storyboard */ = {
			isa = PBXVariantGroup;
			children = (
				C72E1A132B4EADA700F05A74 /* Base */,
			);
			name = Main.storyboard;
			sourceTree = "<group>";
		};
		C72E1A172B4EADAA00F05A74 /* LaunchScreen.storyboard */ = {
			isa = PBXVariantGroup;
			children = (
				C72E1A182B4EADAA00F05A74 /* Base */,
			);
			name = LaunchScreen.storyboard;
			sourceTree = "<group>";
		};
/* End PBXVariantGroup section */

/* Begin XCBuildConfiguration section */
		C72E1A312B4EADAB00F05A74 /* Debug */ = {
			isa = XCBuildConfiguration;
			buildSettings = {
				ALWAYS_SEARCH_USER_PATHS = NO;
				CLANG_ANALYZER_NONNULL = YES;
				CLANG_ANALYZER_NUMBER_OBJECT_CONVERSION = YES_AGGRESSIVE;
				CLANG_CXX_LANGUAGE_STANDARD = "gnu++20";
				CLANG_ENABLE_MODULES = YES;
				CLANG_ENABLE_OBJC_ARC = YES;
				CLANG_ENABLE_OBJC_WEAK = YES;
				CLANG_WARN_BLOCK_CAPTURE_AUTORELEASING = YES;
				CLANG_WARN_BOOL_CONVERSION = YES;
				CLANG_WARN_COMMA = YES;
				CLANG_WARN_CONSTANT_CONVERSION = YES;
				CLANG_WARN_DEPRECATED_OBJC_IMPLEMENTATIONS = YES;
				CLANG_WARN_DIRECT_OBJC_ISA_USAGE = YES_ERROR;
				CLANG_WARN_DOCUMENTATION_COMMENTS = YES;
				CLANG_WARN_EMPTY_BODY = YES;
				CLANG_WARN_ENUM_CONVERSION = YES;
				CLANG_WARN_INFINITE_RECURSION = YES;
				CLANG_WARN_INT_CONVERSION = YES;
				CLANG_WARN_NON_LITERAL_NULL_CONVERSION = YES;
				CLANG_WARN_OBJC_IMPLICIT_RETAIN_SELF = YES;
				CLANG_WARN_OBJC_LITERAL_CONVERSION = YES;
				CLANG_WARN_OBJC_ROOT_CLASS = YES_ERROR;
				CLANG_WARN_QUOTED_INCLUDE_IN_FRAMEWORK_HEADER = YES;
				CLANG_WARN_RANGE_LOOP_ANALYSIS = YES;
				CLANG_WARN_STRICT_PROTOTYPES = YES;
				CLANG_WARN_SUSPICIOUS_MOVE = YES;
				CLANG_WARN_UNGUARDED_AVAILABILITY = YES_AGGRESSIVE;
				CLANG_WARN_UNREACHABLE_CODE = YES;
				CLANG_WARN__DUPLICATE_METHOD_MATCH = YES;
				COPY_PHASE_STRIP = NO;
				DEBUG_INFORMATION_FORMAT = dwarf;
				ENABLE_STRICT_OBJC_MSGSEND = YES;
				ENABLE_TESTABILITY = YES;
				GCC_C_LANGUAGE_STANDARD = gnu11;
				GCC_DYNAMIC_NO_PIC = NO;
				GCC_NO_COMMON_BLOCKS = YES;
				GCC_OPTIMIZATION_LEVEL = 0;
				GCC_PREPROCESSOR_DEFINITIONS = (
					"DEBUG=1",
					"$(inherited)",
				);
				GCC_WARN_64_TO_32_BIT_CONVERSION = YES;
				GCC_WARN_ABOUT_RETURN_TYPE = YES_ERROR;
				GCC_WARN_UNDECLARED_SELECTOR = YES;
				GCC_WARN_UNINITIALIZED_AUTOS = YES_AGGRESSIVE;
				GCC_WARN_UNUSED_FUNCTION = YES;
				GCC_WARN_UNUSED_VARIABLE = YES;
				IPHONEOS_DEPLOYMENT_TARGET = 16.2;
				MTL_ENABLE_DEBUG_INFO = INCLUDE_SOURCE;
				MTL_FAST_MATH = YES;
				ONLY_ACTIVE_ARCH = YES;
				SDKROOT = iphoneos;
				SWIFT_ACTIVE_COMPILATION_CONDITIONS = DEBUG;
				SWIFT_OPTIMIZATION_LEVEL = "-Onone";
			};
			name = Debug;
		};
		C72E1A322B4EADAB00F05A74 /* Release */ = {
			isa = XCBuildConfiguration;
			buildSettings = {
				ALWAYS_SEARCH_USER_PATHS = NO;
				CLANG_ANALYZER_NONNULL = YES;
				CLANG_ANALYZER_NUMBER_OBJECT_CONVERSION = YES_AGGRESSIVE;
				CLANG_CXX_LANGUAGE_STANDARD = "gnu++20";
				CLANG_ENABLE_MODULES = YES;
				CLANG_ENABLE_OBJC_ARC = YES;
				CLANG_ENABLE_OBJC_WEAK = YES;
				CLANG_WARN_BLOCK_CAPTURE_AUTORELEASING = YES;
				CLANG_WARN_BOOL_CONVERSION = YES;
				CLANG_WARN_COMMA = YES;
				CLANG_WARN_CONSTANT_CONVERSION = YES;
				CLANG_WARN_DEPRECATED_OBJC_IMPLEMENTATIONS = YES;
				CLANG_WARN_DIRECT_OBJC_ISA_USAGE = YES_ERROR;
				CLANG_WARN_DOCUMENTATION_COMMENTS = YES;
				CLANG_WARN_EMPTY_BODY = YES;
				CLANG_WARN_ENUM_CONVERSION = YES;
				CLANG_WARN_INFINITE_RECURSION = YES;
				CLANG_WARN_INT_CONVERSION = YES;
				CLANG_WARN_NON_LITERAL_NULL_CONVERSION = YES;
				CLANG_WARN_OBJC_IMPLICIT_RETAIN_SELF = YES;
				CLANG_WARN_OBJC_LITERAL_CONVERSION = YES;
				CLANG_WARN_OBJC_ROOT_CLASS = YES_ERROR;
				CLANG_WARN_QUOTED_INCLUDE_IN_FRAMEWORK_HEADER = YES;
				CLANG_WARN_RANGE_LOOP_ANALYSIS = YES;
				CLANG_WARN_STRICT_PROTOTYPES = YES;
				CLANG_WARN_SUSPICIOUS_MOVE = YES;
				CLANG_WARN_UNGUARDED_AVAILABILITY = YES_AGGRESSIVE;
				CLANG_WARN_UNREACHABLE_CODE = YES;
				CLANG_WARN__DUPLICATE_METHOD_MATCH = YES;
				COPY_PHASE_STRIP = NO;
				DEBUG_INFORMATION_FORMAT = "dwarf-with-dsym";
				ENABLE_NS_ASSERTIONS = NO;
				ENABLE_STRICT_OBJC_MSGSEND = YES;
				GCC_C_LANGUAGE_STANDARD = gnu11;
				GCC_NO_COMMON_BLOCKS = YES;
				GCC_WARN_64_TO_32_BIT_CONVERSION = YES;
				GCC_WARN_ABOUT_RETURN_TYPE = YES_ERROR;
				GCC_WARN_UNDECLARED_SELECTOR = YES;
				GCC_WARN_UNINITIALIZED_AUTOS = YES_AGGRESSIVE;
				GCC_WARN_UNUSED_FUNCTION = YES;
				GCC_WARN_UNUSED_VARIABLE = YES;
				IPHONEOS_DEPLOYMENT_TARGET = 16.2;
				MTL_ENABLE_DEBUG_INFO = NO;
				MTL_FAST_MATH = YES;
				SDKROOT = iphoneos;
				SWIFT_COMPILATION_MODE = wholemodule;
				SWIFT_OPTIMIZATION_LEVEL = "-O";
				VALIDATE_PRODUCT = YES;
			};
			name = Release;
		};
		C72E1A342B4EADAB00F05A74 /* Debug */ = {
			isa = XCBuildConfiguration;
			buildSettings = {
				ASSETCATALOG_COMPILER_APPICON_NAME = AppIcon;
				ASSETCATALOG_COMPILER_GLOBAL_ACCENT_COLOR_NAME = AccentColor;
				CODE_SIGN_STYLE = Automatic;
				CURRENT_PROJECT_VERSION = 1;
				DEVELOPMENT_TEAM = 3M52ZV2NZ3;
				GENERATE_INFOPLIST_FILE = YES;
				INFOPLIST_FILE = UnitTestingHW/Info.plist;
				INFOPLIST_KEY_UIApplicationSupportsIndirectInputEvents = YES;
				INFOPLIST_KEY_UILaunchStoryboardName = LaunchScreen;
				INFOPLIST_KEY_UIMainStoryboardFile = Main;
				INFOPLIST_KEY_UISupportedInterfaceOrientations_iPad = "UIInterfaceOrientationPortrait UIInterfaceOrientationPortraitUpsideDown UIInterfaceOrientationLandscapeLeft UIInterfaceOrientationLandscapeRight";
				INFOPLIST_KEY_UISupportedInterfaceOrientations_iPhone = "UIInterfaceOrientationPortrait UIInterfaceOrientationLandscapeLeft UIInterfaceOrientationLandscapeRight";
				LD_RUNPATH_SEARCH_PATHS = (
					"$(inherited)",
					"@executable_path/Frameworks",
				);
				MARKETING_VERSION = 1.0;
				PRODUCT_BUNDLE_IDENTIFIER = by.company.UnitTestingHW;
				PRODUCT_NAME = "$(TARGET_NAME)";
				SWIFT_EMIT_LOC_STRINGS = YES;
				SWIFT_VERSION = 5.0;
				TARGETED_DEVICE_FAMILY = "1,2";
			};
			name = Debug;
		};
		C72E1A352B4EADAB00F05A74 /* Release */ = {
			isa = XCBuildConfiguration;
			buildSettings = {
				ASSETCATALOG_COMPILER_APPICON_NAME = AppIcon;
				ASSETCATALOG_COMPILER_GLOBAL_ACCENT_COLOR_NAME = AccentColor;
				CODE_SIGN_STYLE = Automatic;
				CURRENT_PROJECT_VERSION = 1;
				DEVELOPMENT_TEAM = 3M52ZV2NZ3;
				GENERATE_INFOPLIST_FILE = YES;
				INFOPLIST_FILE = UnitTestingHW/Info.plist;
				INFOPLIST_KEY_UIApplicationSupportsIndirectInputEvents = YES;
				INFOPLIST_KEY_UILaunchStoryboardName = LaunchScreen;
				INFOPLIST_KEY_UIMainStoryboardFile = Main;
				INFOPLIST_KEY_UISupportedInterfaceOrientations_iPad = "UIInterfaceOrientationPortrait UIInterfaceOrientationPortraitUpsideDown UIInterfaceOrientationLandscapeLeft UIInterfaceOrientationLandscapeRight";
				INFOPLIST_KEY_UISupportedInterfaceOrientations_iPhone = "UIInterfaceOrientationPortrait UIInterfaceOrientationLandscapeLeft UIInterfaceOrientationLandscapeRight";
				LD_RUNPATH_SEARCH_PATHS = (
					"$(inherited)",
					"@executable_path/Frameworks",
				);
				MARKETING_VERSION = 1.0;
				PRODUCT_BUNDLE_IDENTIFIER = by.company.UnitTestingHW;
				PRODUCT_NAME = "$(TARGET_NAME)";
				SWIFT_EMIT_LOC_STRINGS = YES;
				SWIFT_VERSION = 5.0;
				TARGETED_DEVICE_FAMILY = "1,2";
			};
			name = Release;
		};
		C72E1A372B4EADAB00F05A74 /* Debug */ = {
			isa = XCBuildConfiguration;
			buildSettings = {
				ALWAYS_EMBED_SWIFT_STANDARD_LIBRARIES = YES;
				BUNDLE_LOADER = "$(TEST_HOST)";
				CODE_SIGN_STYLE = Automatic;
				CURRENT_PROJECT_VERSION = 1;
				DEVELOPMENT_TEAM = 3M52ZV2NZ3;
				GENERATE_INFOPLIST_FILE = YES;
				IPHONEOS_DEPLOYMENT_TARGET = 16.2;
				MARKETING_VERSION = 1.0;
				PRODUCT_BUNDLE_IDENTIFIER = by.company.UnitTestingHWTests;
				PRODUCT_NAME = "$(TARGET_NAME)";
				SWIFT_EMIT_LOC_STRINGS = NO;
				SWIFT_VERSION = 5.0;
				TARGETED_DEVICE_FAMILY = "1,2";
				TEST_HOST = "$(BUILT_PRODUCTS_DIR)/UnitTestingHW.app/$(BUNDLE_EXECUTABLE_FOLDER_PATH)/UnitTestingHW";
			};
			name = Debug;
		};
		C72E1A382B4EADAB00F05A74 /* Release */ = {
			isa = XCBuildConfiguration;
			buildSettings = {
				ALWAYS_EMBED_SWIFT_STANDARD_LIBRARIES = YES;
				BUNDLE_LOADER = "$(TEST_HOST)";
				CODE_SIGN_STYLE = Automatic;
				CURRENT_PROJECT_VERSION = 1;
				DEVELOPMENT_TEAM = 3M52ZV2NZ3;
				GENERATE_INFOPLIST_FILE = YES;
				IPHONEOS_DEPLOYMENT_TARGET = 16.2;
				MARKETING_VERSION = 1.0;
				PRODUCT_BUNDLE_IDENTIFIER = by.company.UnitTestingHWTests;
				PRODUCT_NAME = "$(TARGET_NAME)";
				SWIFT_EMIT_LOC_STRINGS = NO;
				SWIFT_VERSION = 5.0;
				TARGETED_DEVICE_FAMILY = "1,2";
				TEST_HOST = "$(BUILT_PRODUCTS_DIR)/UnitTestingHW.app/$(BUNDLE_EXECUTABLE_FOLDER_PATH)/UnitTestingHW";
			};
			name = Release;
		};
		C72E1A3A2B4EADAB00F05A74 /* Debug */ = {
			isa = XCBuildConfiguration;
			buildSettings = {
				ALWAYS_EMBED_SWIFT_STANDARD_LIBRARIES = YES;
				CODE_SIGN_STYLE = Automatic;
				CURRENT_PROJECT_VERSION = 1;
				DEVELOPMENT_TEAM = 3M52ZV2NZ3;
				GENERATE_INFOPLIST_FILE = YES;
				MARKETING_VERSION = 1.0;
				PRODUCT_BUNDLE_IDENTIFIER = by.company.UnitTestingHWUITests;
				PRODUCT_NAME = "$(TARGET_NAME)";
				SWIFT_EMIT_LOC_STRINGS = NO;
				SWIFT_VERSION = 5.0;
				TARGETED_DEVICE_FAMILY = "1,2";
				TEST_TARGET_NAME = UnitTestingHW;
			};
			name = Debug;
		};
		C72E1A3B2B4EADAB00F05A74 /* Release */ = {
			isa = XCBuildConfiguration;
			buildSettings = {
				ALWAYS_EMBED_SWIFT_STANDARD_LIBRARIES = YES;
				CODE_SIGN_STYLE = Automatic;
				CURRENT_PROJECT_VERSION = 1;
				DEVELOPMENT_TEAM = 3M52ZV2NZ3;
				GENERATE_INFOPLIST_FILE = YES;
				MARKETING_VERSION = 1.0;
				PRODUCT_BUNDLE_IDENTIFIER = by.company.UnitTestingHWUITests;
				PRODUCT_NAME = "$(TARGET_NAME)";
				SWIFT_EMIT_LOC_STRINGS = NO;
				SWIFT_VERSION = 5.0;
				TARGETED_DEVICE_FAMILY = "1,2";
				TEST_TARGET_NAME = UnitTestingHW;
			};
			name = Release;
		};
/* End XCBuildConfiguration section */

/* Begin XCConfigurationList section */
		C72E1A042B4EADA700F05A74 /* Build configuration list for PBXProject "UnitTestingHW" */ = {
			isa = XCConfigurationList;
			buildConfigurations = (
				C72E1A312B4EADAB00F05A74 /* Debug */,
				C72E1A322B4EADAB00F05A74 /* Release */,
			);
			defaultConfigurationIsVisible = 0;
			defaultConfigurationName = Release;
		};
		C72E1A332B4EADAB00F05A74 /* Build configuration list for PBXNativeTarget "UnitTestingHW" */ = {
			isa = XCConfigurationList;
			buildConfigurations = (
				C72E1A342B4EADAB00F05A74 /* Debug */,
				C72E1A352B4EADAB00F05A74 /* Release */,
			);
			defaultConfigurationIsVisible = 0;
			defaultConfigurationName = Release;
		};
		C72E1A362B4EADAB00F05A74 /* Build configuration list for PBXNativeTarget "UnitTestingHWTests" */ = {
			isa = XCConfigurationList;
			buildConfigurations = (
				C72E1A372B4EADAB00F05A74 /* Debug */,
				C72E1A382B4EADAB00F05A74 /* Release */,
			);
			defaultConfigurationIsVisible = 0;
			defaultConfigurationName = Release;
		};
		C72E1A392B4EADAB00F05A74 /* Build configuration list for PBXNativeTarget "UnitTestingHWUITests" */ = {
			isa = XCConfigurationList;
			buildConfigurations = (
				C72E1A3A2B4EADAB00F05A74 /* Debug */,
				C72E1A3B2B4EADAB00F05A74 /* Release */,
			);
			defaultConfigurationIsVisible = 0;
			defaultConfigurationName = Release;
		};
/* End XCConfigurationList section */
	};
	rootObject = C72E1A012B4EADA700F05A74 /* Project object */;
}
